
Microsoft Visual Studio Solution File, Format Version 12.00
# Visual Studio 15
VisualStudioVersion = 15.0.28010.0
MinimumVisualStudioVersion = 10.0.40219.1
Project("{FAE04EC0-301F-11D3-BF4B-00C04F79EFBC}") = "Image comparison", "Image comparison.csproj", "{D5E65185-B2A1-4DFF-AF7D-F65CC00353AB}"
EndProject
Global
	GlobalSection(SolutionConfigurationPlatforms) = preSolution
		Debug|Any CPU = Debug|Any CPU
		Release|Any CPU = Release|Any CPU
	EndGlobalSection
	GlobalSection(ProjectConfigurationPlatforms) = postSolution
		{D5E65185-B2A1-4DFF-AF7D-F65CC00353AB}.Debug|Any CPU.ActiveCfg = Debug|Any CPU
		{D5E65185-B2A1-4DFF-AF7D-F65CC00353AB}.Debug|Any CPU.Build.0 = Debug|Any CPU
		{D5E65185-B2A1-4DFF-AF7D-F65CC00353AB}.Release|Any CPU.ActiveCfg = Release|Any CPU
		{D5E65185-B2A1-4DFF-AF7D-F65CC00353AB}.Release|Any CPU.Build.0 = Release|Any CPU
	EndGlobalSection
	GlobalSection(SolutionProperties) = preSolution
		HideSolutionNode = FALSE
	EndGlobalSection
	GlobalSection(ExtensibilityGlobals) = postSolution
		SolutionGuid = {CE8204B1-769F-4CA4-ADDA-8ECB30F63063}
	EndGlobalSection
EndGlobal
